{
  "name": "-rn-assignment6-110623011",
  "lockfileVersion": 3,
  "requires": true,
  "packages": {
    "": {
      "dependencies": {
        "project6": "^1.0.0"
      }
    },
    "node_modules/project6": {
      "version": "1.0.0",
      "resolved": "https://registry.npmjs.org/project6/-/project6-1.0.0.tgz",
      "integrity": "sha512-TJJlkfP8VBZMq4bgs3Hs8myRQ85F1OqPldQozLBzOR87pqTb+flR2U9Z1aD++g/5CZjrnLrHlaL+aYpH8tPePA=="
    }
  }
}
